
Microsoft Visual Studio Solution File, Format Version 12.00
# Visual Studio Version 17
VisualStudioVersion = 17.5.33530.505
MinimumVisualStudioVersion = 10.0.40219.1
Project("{9A19103F-16F7-4668-BE54-9A1E7A4F7556}") = "RestXMLAPI", "RestXMLAPI.csproj", "{4A352312-FDF8-4B46-A618-F3E8A78F7030}"
EndProject
Project("{FAE04EC0-301F-11D3-BF4B-00C04F79EFBC}") = "TestXMLAPI", "..\TestXMLAPI\TestXMLAPI.csproj", "{2D526C73-D0FE-4A35-80DC-4083217F845B}"
EndProject
Global
	GlobalSection(SolutionConfigurationPlatforms) = preSolution
		Debug|Any CPU = Debug|Any CPU
		Release|Any CPU = Release|Any CPU
	EndGlobalSection
	GlobalSection(ProjectConfigurationPlatforms) = postSolution
		{4A352312-FDF8-4B46-A618-F3E8A78F7030}.Debug|Any CPU.ActiveCfg = Debug|Any CPU
		{4A352312-FDF8-4B46-A618-F3E8A78F7030}.Debug|Any CPU.Build.0 = Debug|Any CPU
		{4A352312-FDF8-4B46-A618-F3E8A78F7030}.Release|Any CPU.ActiveCfg = Release|Any CPU
		{4A352312-FDF8-4B46-A618-F3E8A78F7030}.Release|Any CPU.Build.0 = Release|Any CPU
		{2D526C73-D0FE-4A35-80DC-4083217F845B}.Debug|Any CPU.ActiveCfg = Debug|Any CPU
		{2D526C73-D0FE-4A35-80DC-4083217F845B}.Debug|Any CPU.Build.0 = Debug|Any CPU
		{2D526C73-D0FE-4A35-80DC-4083217F845B}.Release|Any CPU.ActiveCfg = Release|Any CPU
		{2D526C73-D0FE-4A35-80DC-4083217F845B}.Release|Any CPU.Build.0 = Release|Any CPU
	EndGlobalSection
	GlobalSection(SolutionProperties) = preSolution
		HideSolutionNode = FALSE
	EndGlobalSection
	GlobalSection(ExtensibilityGlobals) = postSolution
		SolutionGuid = {58CE1564-90E7-4361-AA15-5D50F8352A06}
	EndGlobalSection
EndGlobal
